
Microsoft Visual Studio Solution File, Format Version 12.00
Project("{FAE04EC0-301F-11D3-BF4B-00C04F79EFBC}") = "WebApp", "WebApp\WebApp.csproj", "{3E67F524-B1E3-4D59-84D5-9026BCF365C3}"
EndProject
Project("{FAE04EC0-301F-11D3-BF4B-00C04F79EFBC}") = "DAL.App", "DAL.App\DAL.App.csproj", "{F697AC8F-58DB-4127-AC8F-9D9EE39BC3C5}"
EndProject
Project("{FAE04EC0-301F-11D3-BF4B-00C04F79EFBC}") = "Domain.App", "Domain.App\Domain.App.csproj", "{923EF710-61C5-44F0-A7F4-9135E02FF943}"
EndProject
Project("{2150E333-8FDC-42A3-9474-1A3956D46DE8}") = "Additional", "Additional", "{DF2AD479-5E43-4D7A-AD44-40BAFADAEFD7}"
EndProject
Global
	GlobalSection(SolutionConfigurationPlatforms) = preSolution
		Debug|Any CPU = Debug|Any CPU
		Release|Any CPU = Release|Any CPU
	EndGlobalSection
	GlobalSection(ProjectConfigurationPlatforms) = postSolution
		{3E67F524-B1E3-4D59-84D5-9026BCF365C3}.Debug|Any CPU.ActiveCfg = Debug|Any CPU
		{3E67F524-B1E3-4D59-84D5-9026BCF365C3}.Debug|Any CPU.Build.0 = Debug|Any CPU
		{3E67F524-B1E3-4D59-84D5-9026BCF365C3}.Release|Any CPU.ActiveCfg = Release|Any CPU
		{3E67F524-B1E3-4D59-84D5-9026BCF365C3}.Release|Any CPU.Build.0 = Release|Any CPU
		{F697AC8F-58DB-4127-AC8F-9D9EE39BC3C5}.Debug|Any CPU.ActiveCfg = Debug|Any CPU
		{F697AC8F-58DB-4127-AC8F-9D9EE39BC3C5}.Debug|Any CPU.Build.0 = Debug|Any CPU
		{F697AC8F-58DB-4127-AC8F-9D9EE39BC3C5}.Release|Any CPU.ActiveCfg = Release|Any CPU
		{F697AC8F-58DB-4127-AC8F-9D9EE39BC3C5}.Release|Any CPU.Build.0 = Release|Any CPU
		{923EF710-61C5-44F0-A7F4-9135E02FF943}.Debug|Any CPU.ActiveCfg = Debug|Any CPU
		{923EF710-61C5-44F0-A7F4-9135E02FF943}.Debug|Any CPU.Build.0 = Debug|Any CPU
		{923EF710-61C5-44F0-A7F4-9135E02FF943}.Release|Any CPU.ActiveCfg = Release|Any CPU
		{923EF710-61C5-44F0-A7F4-9135E02FF943}.Release|Any CPU.Build.0 = Release|Any CPU
	EndGlobalSection
EndGlobal
